github.com/HugoBlox/kit/modules/blox v0.12.0 h1:IFw9heH1MBgs2kCdproVZeUu2z2x+cjy9vCAegyldjc=
github.com/HugoBlox/kit/modules/blox v0.12.0/go.mod h1:0F2Ss2NeylmaBP7+qx0U6zFPeMZ9NoLbAQakKXDqygo=
github.com/HugoBlox/kit/modules/integrations/netlify v1.3.0 h1:OP7H3ZaN9cXQrGEzOXt2uD1IRD1MNFGbI5qIM75gth8=
github.com/HugoBlox/kit/modules/integrations/netlify v1.3.0/go.mod h1:UuppRGml2K1EmlDkN+HemycohgZLjOy0QPGYOnoPnY4=
