github.com/HugoBlox/hugo-blox-builder/modules/blox-plugin-netlify v1.1.2-0.20231108143325-448ed0e3bd2b h1:W8YVjA0quc4omsSJbsf80MRlB8Cd9DXnqlgYehikezM=
github.com/HugoBlox/hugo-blox-builder/modules/blox-plugin-netlify v1.1.2-0.20231108143325-448ed0e3bd2b/go.mod h1:C7jfxMLv1bEUqbM9XDSmEpfOpS8w06OgqNDEcbuRgL4=
github.com/HugoBlox/hugo-blox-builder/modules/blox-tailwind v0.2.1-0.20240602133901-492e343c2a33 h1:x348mgyKtNQKGROIZ/A0WYbKitzD5ySaWWny0C8wF9U=
github.com/HugoBlox/hugo-blox-builder/modules/blox-tailwind v0.2.1-0.20240602133901-492e343c2a33/go.mod h1:+qBbqXbKT7M2nOeHQa5OrRXwQKpEx1RXpMGirHbT7HU=
